
Microsoft Visual Studio Solution File, Format Version 12.00
# Visual Studio 15
VisualStudioVersion = 15.0.26403.7
MinimumVisualStudioVersion = 10.0.40219.1
Project("{FAE04EC0-301F-11D3-BF4B-00C04F79EFBC}") = "ConTree", "ConTree\ConTree.csproj", "{E8A67EDC-0D77-4FFB-97FB-1CB8EAA9E1C1}"
EndProject
Project("{D954291E-2A0B-460D-934E-DC6B0785DB48}") = "KaosSysIo", "KaosSysIo\KaosSysIo.shproj", "{481BBF3A-6CB0-4DB0-A0E4-549DA43D7DAC}"
EndProject
Project("{FAE04EC0-301F-11D3-BF4B-00C04F79EFBC}") = "KaosSysIo400", "KaosSysIo400\KaosSysIo400.csproj", "{35E4A60D-1A16-4F46-BEC0-3C676A601DDE}"
EndProject
Project("{FAE04EC0-301F-11D3-BF4B-00C04F79EFBC}") = "Test400", "Test400\Test400.csproj", "{1E94EC00-73C2-4D6B-B997-0FF848C5D1FF}"
EndProject
Global
	GlobalSection(SharedMSBuildProjectFiles) = preSolution
		KaosSysIo\KaosSysIo.projitems*{35e4a60d-1a16-4f46-bec0-3c676a601dde}*SharedItemsImports = 4
		KaosSysIo\KaosSysIo.projitems*{481bbf3a-6cb0-4db0-a0e4-549da43d7dac}*SharedItemsImports = 13
	EndGlobalSection
	GlobalSection(SolutionConfigurationPlatforms) = preSolution
		Debug|Any CPU = Debug|Any CPU
		Release|Any CPU = Release|Any CPU
	EndGlobalSection
	GlobalSection(ProjectConfigurationPlatforms) = postSolution
		{E8A67EDC-0D77-4FFB-97FB-1CB8EAA9E1C1}.Debug|Any CPU.ActiveCfg = Debug|Any CPU
		{E8A67EDC-0D77-4FFB-97FB-1CB8EAA9E1C1}.Debug|Any CPU.Build.0 = Debug|Any CPU
		{E8A67EDC-0D77-4FFB-97FB-1CB8EAA9E1C1}.Release|Any CPU.ActiveCfg = Release|Any CPU
		{E8A67EDC-0D77-4FFB-97FB-1CB8EAA9E1C1}.Release|Any CPU.Build.0 = Release|Any CPU
		{35E4A60D-1A16-4F46-BEC0-3C676A601DDE}.Debug|Any CPU.ActiveCfg = Debug|Any CPU
		{35E4A60D-1A16-4F46-BEC0-3C676A601DDE}.Debug|Any CPU.Build.0 = Debug|Any CPU
		{35E4A60D-1A16-4F46-BEC0-3C676A601DDE}.Release|Any CPU.ActiveCfg = Release|Any CPU
		{35E4A60D-1A16-4F46-BEC0-3C676A601DDE}.Release|Any CPU.Build.0 = Release|Any CPU
		{1E94EC00-73C2-4D6B-B997-0FF848C5D1FF}.Debug|Any CPU.ActiveCfg = Debug|Any CPU
		{1E94EC00-73C2-4D6B-B997-0FF848C5D1FF}.Debug|Any CPU.Build.0 = Debug|Any CPU
		{1E94EC00-73C2-4D6B-B997-0FF848C5D1FF}.Release|Any CPU.ActiveCfg = Release|Any CPU
		{1E94EC00-73C2-4D6B-B997-0FF848C5D1FF}.Release|Any CPU.Build.0 = Release|Any CPU
	EndGlobalSection
	GlobalSection(SolutionProperties) = preSolution
		HideSolutionNode = FALSE
	EndGlobalSection
EndGlobal
