
Microsoft Visual Studio Solution File, Format Version 12.00
# Visual Studio 15
VisualStudioVersion = 15.0.26430.6
MinimumVisualStudioVersion = 10.0.40219.1
Project("{FAE04EC0-301F-11D3-BF4B-00C04F79EFBC}") = "ConTree", "ConTree\ConTree.csproj", "{E8A67EDC-0D77-4FFB-97FB-1CB8EAA9E1C1}"
EndProject
Project("{FAE04EC0-301F-11D3-BF4B-00C04F79EFBC}") = "Test400", "Test400\Test400.csproj", "{1E94EC00-73C2-4D6B-B997-0FF848C5D1FF}"
EndProject
Project("{D954291E-2A0B-460D-934E-DC6B0785DB48}") = "DirNode", "DirNode\DirNode.shproj", "{FBCAF54F-E3FC-4202-8BE4-F93BDA1EE1C4}"
EndProject
Project("{FAE04EC0-301F-11D3-BF4B-00C04F79EFBC}") = "SysIo400", "SysIo400\SysIo400.csproj", "{BF8FC0C2-5723-4449-9786-3E16DD230613}"
EndProject
Project("{FAE04EC0-301F-11D3-BF4B-00C04F79EFBC}") = "SysIo", "SysIo\SysIo.csproj", "{508C6FD2-F878-4F55-B3CF-36886A98F767}"
EndProject
Global
	GlobalSection(SharedMSBuildProjectFiles) = preSolution
		DirNode\DirNode.projitems*{bf8fc0c2-5723-4449-9786-3e16dd230613}*SharedItemsImports = 4
		DirNode\DirNode.projitems*{e8a67edc-0d77-4ffb-97fb-1cb8eaa9e1c1}*SharedItemsImports = 4
		DirNode\DirNode.projitems*{fbcaf54f-e3fc-4202-8be4-f93bda1ee1c4}*SharedItemsImports = 13
	EndGlobalSection
	GlobalSection(SolutionConfigurationPlatforms) = preSolution
		Debug|Any CPU = Debug|Any CPU
		Release|Any CPU = Release|Any CPU
	EndGlobalSection
	GlobalSection(ProjectConfigurationPlatforms) = postSolution
		{E8A67EDC-0D77-4FFB-97FB-1CB8EAA9E1C1}.Debug|Any CPU.ActiveCfg = Debug|Any CPU
		{E8A67EDC-0D77-4FFB-97FB-1CB8EAA9E1C1}.Debug|Any CPU.Build.0 = Debug|Any CPU
		{E8A67EDC-0D77-4FFB-97FB-1CB8EAA9E1C1}.Release|Any CPU.ActiveCfg = Release|Any CPU
		{E8A67EDC-0D77-4FFB-97FB-1CB8EAA9E1C1}.Release|Any CPU.Build.0 = Release|Any CPU
		{1E94EC00-73C2-4D6B-B997-0FF848C5D1FF}.Debug|Any CPU.ActiveCfg = Debug|Any CPU
		{1E94EC00-73C2-4D6B-B997-0FF848C5D1FF}.Debug|Any CPU.Build.0 = Debug|Any CPU
		{1E94EC00-73C2-4D6B-B997-0FF848C5D1FF}.Release|Any CPU.ActiveCfg = Release|Any CPU
		{1E94EC00-73C2-4D6B-B997-0FF848C5D1FF}.Release|Any CPU.Build.0 = Release|Any CPU
		{BF8FC0C2-5723-4449-9786-3E16DD230613}.Debug|Any CPU.ActiveCfg = Debug|Any CPU
		{BF8FC0C2-5723-4449-9786-3E16DD230613}.Debug|Any CPU.Build.0 = Debug|Any CPU
		{BF8FC0C2-5723-4449-9786-3E16DD230613}.Release|Any CPU.ActiveCfg = Release|Any CPU
		{BF8FC0C2-5723-4449-9786-3E16DD230613}.Release|Any CPU.Build.0 = Release|Any CPU
		{508C6FD2-F878-4F55-B3CF-36886A98F767}.Debug|Any CPU.ActiveCfg = Debug|Any CPU
		{508C6FD2-F878-4F55-B3CF-36886A98F767}.Debug|Any CPU.Build.0 = Debug|Any CPU
		{508C6FD2-F878-4F55-B3CF-36886A98F767}.Release|Any CPU.ActiveCfg = Release|Any CPU
		{508C6FD2-F878-4F55-B3CF-36886A98F767}.Release|Any CPU.Build.0 = Release|Any CPU
	EndGlobalSection
	GlobalSection(SolutionProperties) = preSolution
		HideSolutionNode = FALSE
	EndGlobalSection
EndGlobal
